
Microsoft Visual Studio Solution File, Format Version 12.00
# Visual Studio 15
VisualStudioVersion = 15.0.28307.421
MinimumVisualStudioVersion = 10.0.40219.1
Project("{2150E333-8FDC-42A3-9474-1A3956D46DE8}") = "src", "src", "{BD886130-D7D3-4850-86DB-981CEFCEAA81}"
EndProject
Project("{2150E333-8FDC-42A3-9474-1A3956D46DE8}") = "Data", "Data", "{2505C0CD-D495-4E02-A472-F7F8C4C67910}"
EndProject
Project("{2150E333-8FDC-42A3-9474-1A3956D46DE8}") = "Presentation", "Presentation", "{517E8AC2-EEB5-4213-B95F-B31336BA1B7B}"
EndProject
Project("{2150E333-8FDC-42A3-9474-1A3956D46DE8}") = "Services", "Services", "{A0D871BA-3619-410E-9584-850EA1909B7F}"
EndProject
Project("{2150E333-8FDC-42A3-9474-1A3956D46DE8}") = "Tests", "Tests", "{909144F0-CF3E-4821-9F3F-3F06E6FB091C}"
EndProject
Project("{2150E333-8FDC-42A3-9474-1A3956D46DE8}") = "Models", "Models", "{14A1BB71-7A59-45C4-A0EC-9530672B3439}"
EndProject
Project("{2150E333-8FDC-42A3-9474-1A3956D46DE8}") = "Utilities", "Utilities", "{4A9F4E1C-85A8-4507-84D1-6ACA5A19B799}"
EndProject
Project("{9A19103F-16F7-4668-BE54-9A1E7A4F7556}") = "ES.Web", "ES.Web\ES.Web.csproj", "{B07AC563-5F39-42BC-B454-0FA9B25D89AC}"
EndProject
Project("{9A19103F-16F7-4668-BE54-9A1E7A4F7556}") = "ES.Data", "ES.Data\ES.Data.csproj", "{6BFD749D-117F-4EC4-8881-A90777AD174B}"
EndProject
Project("{9A19103F-16F7-4668-BE54-9A1E7A4F7556}") = "ES.Models", "ES.Models\ES.Models.csproj", "{190E2616-8AD5-47C2-A78C-727DC1F37A08}"
EndProject
Project("{9A19103F-16F7-4668-BE54-9A1E7A4F7556}") = "ES.EstateServices", "ES.EstateServices\ES.EstateServices.csproj", "{9635ABB0-7925-4B2E-BBA3-9107CD9124B5}"
EndProject
Project("{9A19103F-16F7-4668-BE54-9A1E7A4F7556}") = "ES.CustomTagHelpers", "ES.CustomTagHelpers\ES.CustomTagHelpers.csproj", "{05C69824-30F9-4993-B1CE-B5FDE817ABE2}"
EndProject
Project("{9A19103F-16F7-4668-BE54-9A1E7A4F7556}") = "ES.EstateServiceTests", "ES.EstateServiceTests\ES.EstateServiceTests.csproj", "{11FF68D7-D788-410F-8EB8-3F7615E8479B}"
EndProject
Project("{9A19103F-16F7-4668-BE54-9A1E7A4F7556}") = "ES.CustomTagHelperTests", "ES.CustomTagHelperTests\ES.CustomTagHelperTests.csproj", "{326AD363-261A-4095-9CA4-EE9007268F01}"
EndProject
Project("{FAE04EC0-301F-11D3-BF4B-00C04F79EFBC}") = "ImageWriter", "ImageWriter\ImageWriter.csproj", "{6B2AE10E-E1B9-449D-8C57-5BC10A85B621}"
EndProject
Global
	GlobalSection(SolutionConfigurationPlatforms) = preSolution
		Debug|Any CPU = Debug|Any CPU
		Release|Any CPU = Release|Any CPU
	EndGlobalSection
	GlobalSection(ProjectConfigurationPlatforms) = postSolution
		{B07AC563-5F39-42BC-B454-0FA9B25D89AC}.Debug|Any CPU.ActiveCfg = Debug|Any CPU
		{B07AC563-5F39-42BC-B454-0FA9B25D89AC}.Debug|Any CPU.Build.0 = Debug|Any CPU
		{B07AC563-5F39-42BC-B454-0FA9B25D89AC}.Release|Any CPU.ActiveCfg = Release|Any CPU
		{B07AC563-5F39-42BC-B454-0FA9B25D89AC}.Release|Any CPU.Build.0 = Release|Any CPU
		{6BFD749D-117F-4EC4-8881-A90777AD174B}.Debug|Any CPU.ActiveCfg = Debug|Any CPU
		{6BFD749D-117F-4EC4-8881-A90777AD174B}.Debug|Any CPU.Build.0 = Debug|Any CPU
		{6BFD749D-117F-4EC4-8881-A90777AD174B}.Release|Any CPU.ActiveCfg = Release|Any CPU
		{6BFD749D-117F-4EC4-8881-A90777AD174B}.Release|Any CPU.Build.0 = Release|Any CPU
		{190E2616-8AD5-47C2-A78C-727DC1F37A08}.Debug|Any CPU.ActiveCfg = Debug|Any CPU
		{190E2616-8AD5-47C2-A78C-727DC1F37A08}.Debug|Any CPU.Build.0 = Debug|Any CPU
		{190E2616-8AD5-47C2-A78C-727DC1F37A08}.Release|Any CPU.ActiveCfg = Release|Any CPU
		{190E2616-8AD5-47C2-A78C-727DC1F37A08}.Release|Any CPU.Build.0 = Release|Any CPU
		{9635ABB0-7925-4B2E-BBA3-9107CD9124B5}.Debug|Any CPU.ActiveCfg = Debug|Any CPU
		{9635ABB0-7925-4B2E-BBA3-9107CD9124B5}.Debug|Any CPU.Build.0 = Debug|Any CPU
		{9635ABB0-7925-4B2E-BBA3-9107CD9124B5}.Release|Any CPU.ActiveCfg = Release|Any CPU
		{9635ABB0-7925-4B2E-BBA3-9107CD9124B5}.Release|Any CPU.Build.0 = Release|Any CPU
		{05C69824-30F9-4993-B1CE-B5FDE817ABE2}.Debug|Any CPU.ActiveCfg = Debug|Any CPU
		{05C69824-30F9-4993-B1CE-B5FDE817ABE2}.Debug|Any CPU.Build.0 = Debug|Any CPU
		{05C69824-30F9-4993-B1CE-B5FDE817ABE2}.Release|Any CPU.ActiveCfg = Release|Any CPU
		{05C69824-30F9-4993-B1CE-B5FDE817ABE2}.Release|Any CPU.Build.0 = Release|Any CPU
		{11FF68D7-D788-410F-8EB8-3F7615E8479B}.Debug|Any CPU.ActiveCfg = Debug|Any CPU
		{11FF68D7-D788-410F-8EB8-3F7615E8479B}.Debug|Any CPU.Build.0 = Debug|Any CPU
		{11FF68D7-D788-410F-8EB8-3F7615E8479B}.Release|Any CPU.ActiveCfg = Release|Any CPU
		{11FF68D7-D788-410F-8EB8-3F7615E8479B}.Release|Any CPU.Build.0 = Release|Any CPU
		{326AD363-261A-4095-9CA4-EE9007268F01}.Debug|Any CPU.ActiveCfg = Debug|Any CPU
		{326AD363-261A-4095-9CA4-EE9007268F01}.Debug|Any CPU.Build.0 = Debug|Any CPU
		{326AD363-261A-4095-9CA4-EE9007268F01}.Release|Any CPU.ActiveCfg = Release|Any CPU
		{326AD363-261A-4095-9CA4-EE9007268F01}.Release|Any CPU.Build.0 = Release|Any CPU
		{6B2AE10E-E1B9-449D-8C57-5BC10A85B621}.Debug|Any CPU.ActiveCfg = Debug|Any CPU
		{6B2AE10E-E1B9-449D-8C57-5BC10A85B621}.Debug|Any CPU.Build.0 = Debug|Any CPU
		{6B2AE10E-E1B9-449D-8C57-5BC10A85B621}.Release|Any CPU.ActiveCfg = Release|Any CPU
		{6B2AE10E-E1B9-449D-8C57-5BC10A85B621}.Release|Any CPU.Build.0 = Release|Any CPU
	EndGlobalSection
	GlobalSection(SolutionProperties) = preSolution
		HideSolutionNode = FALSE
	EndGlobalSection
	GlobalSection(NestedProjects) = preSolution
		{2505C0CD-D495-4E02-A472-F7F8C4C67910} = {BD886130-D7D3-4850-86DB-981CEFCEAA81}
		{517E8AC2-EEB5-4213-B95F-B31336BA1B7B} = {BD886130-D7D3-4850-86DB-981CEFCEAA81}
		{A0D871BA-3619-410E-9584-850EA1909B7F} = {BD886130-D7D3-4850-86DB-981CEFCEAA81}
		{909144F0-CF3E-4821-9F3F-3F06E6FB091C} = {BD886130-D7D3-4850-86DB-981CEFCEAA81}
		{14A1BB71-7A59-45C4-A0EC-9530672B3439} = {BD886130-D7D3-4850-86DB-981CEFCEAA81}
		{4A9F4E1C-85A8-4507-84D1-6ACA5A19B799} = {BD886130-D7D3-4850-86DB-981CEFCEAA81}
		{B07AC563-5F39-42BC-B454-0FA9B25D89AC} = {517E8AC2-EEB5-4213-B95F-B31336BA1B7B}
		{6BFD749D-117F-4EC4-8881-A90777AD174B} = {2505C0CD-D495-4E02-A472-F7F8C4C67910}
		{190E2616-8AD5-47C2-A78C-727DC1F37A08} = {14A1BB71-7A59-45C4-A0EC-9530672B3439}
		{9635ABB0-7925-4B2E-BBA3-9107CD9124B5} = {A0D871BA-3619-410E-9584-850EA1909B7F}
		{05C69824-30F9-4993-B1CE-B5FDE817ABE2} = {4A9F4E1C-85A8-4507-84D1-6ACA5A19B799}
		{11FF68D7-D788-410F-8EB8-3F7615E8479B} = {909144F0-CF3E-4821-9F3F-3F06E6FB091C}
		{326AD363-261A-4095-9CA4-EE9007268F01} = {909144F0-CF3E-4821-9F3F-3F06E6FB091C}
		{6B2AE10E-E1B9-449D-8C57-5BC10A85B621} = {4A9F4E1C-85A8-4507-84D1-6ACA5A19B799}
	EndGlobalSection
	GlobalSection(ExtensibilityGlobals) = postSolution
		SolutionGuid = {748B7654-175E-4A0A-A0AC-AFB46362F794}
	EndGlobalSection
EndGlobal
