
Microsoft Visual Studio Solution File, Format Version 12.00
# Visual Studio 15
VisualStudioVersion = 15.0.28307.421
MinimumVisualStudioVersion = 10.0.40219.1
Project("{2150E333-8FDC-42A3-9474-1A3956D46DE8}") = "src", "src", "{9C4FE708-C874-4190-8A93-387A9F8F5054}"
EndProject
Project("{2150E333-8FDC-42A3-9474-1A3956D46DE8}") = "Presentation", "Presentation", "{74713DA7-5F3A-4BA9-B9A7-28C5EFC28EA4}"
EndProject
Project("{FAE04EC0-301F-11D3-BF4B-00C04F79EFBC}") = "FMS.Web", "FMS.Web\FMS.Web.csproj", "{20848CD7-51E5-41DA-8E0A-B155BF4CC659}"
EndProject
Project("{2150E333-8FDC-42A3-9474-1A3956D46DE8}") = "Data", "Data", "{156A9C8B-BC36-43BB-B54B-E2CAE21C23DF}"
EndProject
Project("{FAE04EC0-301F-11D3-BF4B-00C04F79EFBC}") = "FMS.Data", "FMS.Data\FMS.Data.csproj", "{389DC4FD-CDF4-49C3-8578-3057489C3FBD}"
EndProject
Project("{2150E333-8FDC-42A3-9474-1A3956D46DE8}") = "Business", "Business", "{C972F136-EDB3-4157-B559-7845F6C3A93E}"
EndProject
Project("{2150E333-8FDC-42A3-9474-1A3956D46DE8}") = "Tests", "Tests", "{1A19B76B-F7C7-4BE6-9103-C66983A71294}"
EndProject
Project("{2150E333-8FDC-42A3-9474-1A3956D46DE8}") = "Utilities", "Utilities", "{C7EE30B1-EEA5-44C9-BD6E-3F93841EDB58}"
EndProject
Global
	GlobalSection(SolutionConfigurationPlatforms) = preSolution
		Debug|Any CPU = Debug|Any CPU
		Release|Any CPU = Release|Any CPU
	EndGlobalSection
	GlobalSection(ProjectConfigurationPlatforms) = postSolution
		{20848CD7-51E5-41DA-8E0A-B155BF4CC659}.Debug|Any CPU.ActiveCfg = Debug|Any CPU
		{20848CD7-51E5-41DA-8E0A-B155BF4CC659}.Debug|Any CPU.Build.0 = Debug|Any CPU
		{20848CD7-51E5-41DA-8E0A-B155BF4CC659}.Release|Any CPU.ActiveCfg = Release|Any CPU
		{20848CD7-51E5-41DA-8E0A-B155BF4CC659}.Release|Any CPU.Build.0 = Release|Any CPU
		{389DC4FD-CDF4-49C3-8578-3057489C3FBD}.Debug|Any CPU.ActiveCfg = Debug|Any CPU
		{389DC4FD-CDF4-49C3-8578-3057489C3FBD}.Debug|Any CPU.Build.0 = Debug|Any CPU
		{389DC4FD-CDF4-49C3-8578-3057489C3FBD}.Release|Any CPU.ActiveCfg = Release|Any CPU
		{389DC4FD-CDF4-49C3-8578-3057489C3FBD}.Release|Any CPU.Build.0 = Release|Any CPU
	EndGlobalSection
	GlobalSection(SolutionProperties) = preSolution
		HideSolutionNode = FALSE
	EndGlobalSection
	GlobalSection(NestedProjects) = preSolution
		{74713DA7-5F3A-4BA9-B9A7-28C5EFC28EA4} = {9C4FE708-C874-4190-8A93-387A9F8F5054}
		{20848CD7-51E5-41DA-8E0A-B155BF4CC659} = {74713DA7-5F3A-4BA9-B9A7-28C5EFC28EA4}
		{156A9C8B-BC36-43BB-B54B-E2CAE21C23DF} = {9C4FE708-C874-4190-8A93-387A9F8F5054}
		{389DC4FD-CDF4-49C3-8578-3057489C3FBD} = {156A9C8B-BC36-43BB-B54B-E2CAE21C23DF}
		{C972F136-EDB3-4157-B559-7845F6C3A93E} = {9C4FE708-C874-4190-8A93-387A9F8F5054}
		{1A19B76B-F7C7-4BE6-9103-C66983A71294} = {9C4FE708-C874-4190-8A93-387A9F8F5054}
		{C7EE30B1-EEA5-44C9-BD6E-3F93841EDB58} = {9C4FE708-C874-4190-8A93-387A9F8F5054}
	EndGlobalSection
	GlobalSection(ExtensibilityGlobals) = postSolution
		SolutionGuid = {AF3D184D-6173-4F87-A465-0487C4878945}
	EndGlobalSection
EndGlobal
